
Microsoft Visual Studio Solution File, Format Version 12.00
# Visual Studio Version 17
VisualStudioVersion = 17.8.34525.116
MinimumVisualStudioVersion = 10.0.40219.1
Project("{FAE04EC0-301F-11D3-BF4B-00C04F79EFBC}") = "Question1", "Question1\Question1.csproj", "{BAB91B86-07EC-4EE5-8660-EFB5861259FF}"
EndProject
Global
	GlobalSection(SolutionConfigurationPlatforms) = preSolution
		Debug|Any CPU = Debug|Any CPU
		Release|Any CPU = Release|Any CPU
	EndGlobalSection
	GlobalSection(ProjectConfigurationPlatforms) = postSolution
		{BAB91B86-07EC-4EE5-8660-EFB5861259FF}.Debug|Any CPU.ActiveCfg = Debug|Any CPU
		{BAB91B86-07EC-4EE5-8660-EFB5861259FF}.Debug|Any CPU.Build.0 = Debug|Any CPU
		{BAB91B86-07EC-4EE5-8660-EFB5861259FF}.Release|Any CPU.ActiveCfg = Release|Any CPU
		{BAB91B86-07EC-4EE5-8660-EFB5861259FF}.Release|Any CPU.Build.0 = Release|Any CPU
	EndGlobalSection
	GlobalSection(SolutionProperties) = preSolution
		HideSolutionNode = FALSE
	EndGlobalSection
	GlobalSection(ExtensibilityGlobals) = postSolution
		SolutionGuid = {ADAB2AB0-5F39-45FC-BF72-0EBC3A2CF8F3}
	EndGlobalSection
EndGlobal
